
Microsoft Visual Studio Solution File, Format Version 12.00
# Visual Studio Version 16
VisualStudioVersion = 16.0.30503.244
MinimumVisualStudioVersion = 10.0.40219.1
Project("{9A19103F-16F7-4668-BE54-9A1E7A4F7556}") = "BulkyBook", "BulkyBook\BulkyBook.csproj", "{F19F7251-1225-4290-A9BA-EB31ED982221}"
EndProject
Project("{FAE04EC0-301F-11D3-BF4B-00C04F79EFBC}") = "BulkyBook.DataAccess", "BulkyBook.DataAccess\BulkyBook.DataAccess.csproj", "{967DF675-19BC-4784-9D03-00D9FED35754}"
EndProject
Project("{FAE04EC0-301F-11D3-BF4B-00C04F79EFBC}") = "BulkyBook.Models", "BulkyBook.Models\BulkyBook.Models.csproj", "{D3F4C314-33B7-4E9A-A6CC-6ECC51C48FD6}"
EndProject
Project("{FAE04EC0-301F-11D3-BF4B-00C04F79EFBC}") = "BulkyBook.Utility", "BulkyBook.Utility\BulkyBook.Utility.csproj", "{3DBD12D1-EC03-4702-9F81-027F5081D1AF}"
EndProject
Global
	GlobalSection(SolutionConfigurationPlatforms) = preSolution
		Debug|Any CPU = Debug|Any CPU
		Release|Any CPU = Release|Any CPU
	EndGlobalSection
	GlobalSection(ProjectConfigurationPlatforms) = postSolution
		{F19F7251-1225-4290-A9BA-EB31ED982221}.Debug|Any CPU.ActiveCfg = Debug|Any CPU
		{F19F7251-1225-4290-A9BA-EB31ED982221}.Debug|Any CPU.Build.0 = Debug|Any CPU
		{F19F7251-1225-4290-A9BA-EB31ED982221}.Release|Any CPU.ActiveCfg = Release|Any CPU
		{F19F7251-1225-4290-A9BA-EB31ED982221}.Release|Any CPU.Build.0 = Release|Any CPU
		{967DF675-19BC-4784-9D03-00D9FED35754}.Debug|Any CPU.ActiveCfg = Debug|Any CPU
		{967DF675-19BC-4784-9D03-00D9FED35754}.Debug|Any CPU.Build.0 = Debug|Any CPU
		{967DF675-19BC-4784-9D03-00D9FED35754}.Release|Any CPU.ActiveCfg = Release|Any CPU
		{967DF675-19BC-4784-9D03-00D9FED35754}.Release|Any CPU.Build.0 = Release|Any CPU
		{D3F4C314-33B7-4E9A-A6CC-6ECC51C48FD6}.Debug|Any CPU.ActiveCfg = Debug|Any CPU
		{D3F4C314-33B7-4E9A-A6CC-6ECC51C48FD6}.Debug|Any CPU.Build.0 = Debug|Any CPU
		{D3F4C314-33B7-4E9A-A6CC-6ECC51C48FD6}.Release|Any CPU.ActiveCfg = Release|Any CPU
		{D3F4C314-33B7-4E9A-A6CC-6ECC51C48FD6}.Release|Any CPU.Build.0 = Release|Any CPU
		{3DBD12D1-EC03-4702-9F81-027F5081D1AF}.Debug|Any CPU.ActiveCfg = Debug|Any CPU
		{3DBD12D1-EC03-4702-9F81-027F5081D1AF}.Debug|Any CPU.Build.0 = Debug|Any CPU
		{3DBD12D1-EC03-4702-9F81-027F5081D1AF}.Release|Any CPU.ActiveCfg = Release|Any CPU
		{3DBD12D1-EC03-4702-9F81-027F5081D1AF}.Release|Any CPU.Build.0 = Release|Any CPU
	EndGlobalSection
	GlobalSection(SolutionProperties) = preSolution
		HideSolutionNode = FALSE
	EndGlobalSection
	GlobalSection(ExtensibilityGlobals) = postSolution
		SolutionGuid = {522BB2D4-578F-4A1B-9D0A-0C70546D7731}
	EndGlobalSection
EndGlobal
